
Microsoft Visual Studio Solution File, Format Version 12.00
# Visual Studio Version 17
VisualStudioVersion = 17.9.34701.34
MinimumVisualStudioVersion = 10.0.40219.1
Project("{FAE04EC0-301F-11D3-BF4B-00C04F79EFBC}") = "Billingsystem1", "Billingsystem1.csproj", "{100F4F20-D88B-4F2A-B53C-96E0D9B97532}"
EndProject
Global
	GlobalSection(SolutionConfigurationPlatforms) = preSolution
		Debug|Any CPU = Debug|Any CPU
		Release|Any CPU = Release|Any CPU
	EndGlobalSection
	GlobalSection(ProjectConfigurationPlatforms) = postSolution
		{100F4F20-D88B-4F2A-B53C-96E0D9B97532}.Debug|Any CPU.ActiveCfg = Debug|Any CPU
		{100F4F20-D88B-4F2A-B53C-96E0D9B97532}.Debug|Any CPU.Build.0 = Debug|Any CPU
		{100F4F20-D88B-4F2A-B53C-96E0D9B97532}.Release|Any CPU.ActiveCfg = Release|Any CPU
		{100F4F20-D88B-4F2A-B53C-96E0D9B97532}.Release|Any CPU.Build.0 = Release|Any CPU
	EndGlobalSection
	GlobalSection(SolutionProperties) = preSolution
		HideSolutionNode = FALSE
	EndGlobalSection
	GlobalSection(ExtensibilityGlobals) = postSolution
		SolutionGuid = {6B0C4D99-45BF-4B4C-B002-4E9ECDD77755}
	EndGlobalSection
EndGlobal
